// !$*UTF8*$!
{
	archiveVersion = 1;
	classes = {
	};
	objectVersion = 51;
	objects = {

/* Begin PBXBuildFile section */
		0018BF6A2266CF9A00E986C4 /* RealmCategory.swift in Sources */ = {isa = PBXBuildFile; fileRef = 0018BF692266CF9A00E986C4 /* RealmCategory.swift */; };
		0018BF6E2266D3D900E986C4 /* RealmTakenLijst.swift in Sources */ = {isa = PBXBuildFile; fileRef = 0018BF6D2266D3D900E986C4 /* RealmTakenLijst.swift */; };
		0018BF702266D43A00E986C4 /* RealmTaak.swift in Sources */ = {isa = PBXBuildFile; fileRef = 0018BF6F2266D43A00E986C4 /* RealmTaak.swift */; };
		0018BF722266D5CF00E986C4 /* RealmCategorieLijst.swift in Sources */ = {isa = PBXBuildFile; fileRef = 0018BF712266D5CF00E986C4 /* RealmCategorieLijst.swift */; };
		005DFB162268396A00563B6C /* SwipeTableViewController.swift in Sources */ = {isa = PBXBuildFile; fileRef = 005DFB152268396A00563B6C /* SwipeTableViewController.swift */; };
		00812FA72256DCE4007E928E /* AppDelegate.swift in Sources */ = {isa = PBXBuildFile; fileRef = 00812FA62256DCE4007E928E /* AppDelegate.swift */; };
		00812FA92256DCE4007E928E /* MijnLijstViewController.swift in Sources */ = {isa = PBXBuildFile; fileRef = 00812FA82256DCE4007E928E /* MijnLijstViewController.swift */; };
		00812FAC2256DCE4007E928E /* Main.storyboard in Resources */ = {isa = PBXBuildFile; fileRef = 00812FAA2256DCE4007E928E /* Main.storyboard */; };
		00812FAE2256DCE5007E928E /* Assets.xcassets in Resources */ = {isa = PBXBuildFile; fileRef = 00812FAD2256DCE5007E928E /* Assets.xcassets */; };
		00812FB12256DCE5007E928E /* LaunchScreen.storyboard in Resources */ = {isa = PBXBuildFile; fileRef = 00812FAF2256DCE5007E928E /* LaunchScreen.storyboard */; };
		00EC0B6E225DAAAF00634F05 /* CategoryTableViewController.swift in Sources */ = {isa = PBXBuildFile; fileRef = 00EC0B6D225DAAAF00634F05 /* CategoryTableViewController.swift */; };
		0228F0DF5B35B031739F5D29 /* Pods_Mijn_Taken.framework in Frameworks */ = {isa = PBXBuildFile; fileRef = 60D4EF68A5BD840F1C4C40AB /* Pods_Mijn_Taken.framework */; };
/* End PBXBuildFile section */

/* Begin PBXFileReference section */
		0018BF692266CF9A00E986C4 /* RealmCategory.swift */ = {isa = PBXFileReference; lastKnownFileType = sourcecode.swift; path = RealmCategory.swift; sourceTree = "<group>"; };
		0018BF6D2266D3D900E986C4 /* RealmTakenLijst.swift */ = {isa = PBXFileReference; lastKnownFileType = sourcecode.swift; path = RealmTakenLijst.swift; sourceTree = "<group>"; };
		0018BF6F2266D43A00E986C4 /* RealmTaak.swift */ = {isa = PBXFileReference; lastKnownFileType = sourcecode.swift; path = RealmTaak.swift; sourceTree = "<group>"; };
		0018BF712266D5CF00E986C4 /* RealmCategorieLijst.swift */ = {isa = PBXFileReference; lastKnownFileType = sourcecode.swift; path = RealmCategorieLijst.swift; sourceTree = "<group>"; };
		005DFB152268396A00563B6C /* SwipeTableViewController.swift */ = {isa = PBXFileReference; lastKnownFileType = sourcecode.swift; path = SwipeTableViewController.swift; sourceTree = "<group>"; };
		00812FA32256DCE4007E928E /* Mijn Taken.app */ = {isa = PBXFileReference; explicitFileType = wrapper.application; includeInIndex = 0; path = "Mijn Taken.app"; sourceTree = BUILT_PRODUCTS_DIR; };
		00812FA62256DCE4007E928E /* AppDelegate.swift */ = {isa = PBXFileReference; lastKnownFileType = sourcecode.swift; path = AppDelegate.swift; sourceTree = "<group>"; };
		00812FA82256DCE4007E928E /* MijnLijstViewController.swift */ = {isa = PBXFileReference; lastKnownFileType = sourcecode.swift; path = MijnLijstViewController.swift; sourceTree = "<group>"; };
		00812FAB2256DCE4007E928E /* Base */ = {isa = PBXFileReference; lastKnownFileType = file.storyboard; name = Base; path = Base.lproj/Main.storyboard; sourceTree = "<group>"; };
		00812FAD2256DCE5007E928E /* Assets.xcassets */ = {isa = PBXFileReference; lastKnownFileType = folder.assetcatalog; path = Assets.xcassets; sourceTree = "<group>"; };
		00812FB02256DCE5007E928E /* Base */ = {isa = PBXFileReference; lastKnownFileType = file.storyboard; name = Base; path = Base.lproj/LaunchScreen.storyboard; sourceTree = "<group>"; };
		00812FB22256DCE5007E928E /* Info.plist */ = {isa = PBXFileReference; lastKnownFileType = text.plist.xml; path = Info.plist; sourceTree = "<group>"; };
		00EC0B6D225DAAAF00634F05 /* CategoryTableViewController.swift */ = {isa = PBXFileReference; lastKnownFileType = sourcecode.swift; path = CategoryTableViewController.swift; sourceTree = "<group>"; };
		3FB4C9C5F41578A543BF5C18 /* Pods-Mijn Taken.release.xcconfig */ = {isa = PBXFileReference; includeInIndex = 1; lastKnownFileType = text.xcconfig; name = "Pods-Mijn Taken.release.xcconfig"; path = "Target Support Files/Pods-Mijn Taken/Pods-Mijn Taken.release.xcconfig"; sourceTree = "<group>"; };
		60A1AE301EABAE56D8175438 /* Pods-Mijn Taken.debug.xcconfig */ = {isa = PBXFileReference; includeInIndex = 1; lastKnownFileType = text.xcconfig; name = "Pods-Mijn Taken.debug.xcconfig"; path = "Target Support Files/Pods-Mijn Taken/Pods-Mijn Taken.debug.xcconfig"; sourceTree = "<group>"; };
		60D4EF68A5BD840F1C4C40AB /* Pods_Mijn_Taken.framework */ = {isa = PBXFileReference; explicitFileType = wrapper.framework; includeInIndex = 0; path = Pods_Mijn_Taken.framework; sourceTree = BUILT_PRODUCTS_DIR; };
/* End PBXFileReference section */

/* Begin PBXFrameworksBuildPhase section */
		00812FA02256DCE4007E928E /* Frameworks */ = {
			isa = PBXFrameworksBuildPhase;
			buildActionMask = 2147483647;
			files = (
				0228F0DF5B35B031739F5D29 /* Pods_Mijn_Taken.framework in Frameworks */,
			);
			runOnlyForDeploymentPostprocessing = 0;
		};
/* End PBXFrameworksBuildPhase section */

/* Begin PBXGroup section */
		002631BA225D85AA00058F55 /* Supporting files */ = {
			isa = PBXGroup;
			children = (
				00812FAD2256DCE5007E928E /* Assets.xcassets */,
				00812FAF2256DCE5007E928E /* LaunchScreen.storyboard */,
			);
			path = "Supporting files";
			sourceTree = "<group>";
		};
		00812F9A2256DCE4007E928E = {
			isa = PBXGroup;
			children = (
				00812FA52256DCE4007E928E /* Mijn Taken */,
				00812FA42256DCE4007E928E /* Products */,
				CA95EB54DCE3D1986AD076C4 /* Pods */,
				60B1DACE90C0EE83843B17A6 /* Frameworks */,
			);
			sourceTree = "<group>";
		};
		00812FA42256DCE4007E928E /* Products */ = {
			isa = PBXGroup;
			children = (
				00812FA32256DCE4007E928E /* Mijn Taken.app */,
			);
			name = Products;
			sourceTree = "<group>";
		};
		00812FA52256DCE4007E928E /* Mijn Taken */ = {
			isa = PBXGroup;
			children = (
				00812FA62256DCE4007E928E /* AppDelegate.swift */,
				009FD738225C3D84003E641E /* Controllers */,
				009FD736225C3D67003E641E /* Models */,
				009FD737225C3D7A003E641E /* Views */,
				002631BA225D85AA00058F55 /* Supporting files */,
				00812FB22256DCE5007E928E /* Info.plist */,
			);
			path = "Mijn Taken";
			sourceTree = "<group>";
		};
		009FD736225C3D67003E641E /* Models */ = {
			isa = PBXGroup;
			children = (
				0018BF692266CF9A00E986C4 /* RealmCategory.swift */,
				0018BF6F2266D43A00E986C4 /* RealmTaak.swift */,
				0018BF712266D5CF00E986C4 /* RealmCategorieLijst.swift */,
				0018BF6D2266D3D900E986C4 /* RealmTakenLijst.swift */,
			);
			name = Models;
			sourceTree = "<group>";
		};
		009FD737225C3D7A003E641E /* Views */ = {
			isa = PBXGroup;
			children = (
				00812FAA2256DCE4007E928E /* Main.storyboard */,
			);
			name = Views;
			sourceTree = "<group>";
		};
		009FD738225C3D84003E641E /* Controllers */ = {
			isa = PBXGroup;
			children = (
				00EC0B6D225DAAAF00634F05 /* CategoryTableViewController.swift */,
				00812FA82256DCE4007E928E /* MijnLijstViewController.swift */,
				005DFB152268396A00563B6C /* SwipeTableViewController.swift */,
			);
			name = Controllers;
			sourceTree = "<group>";
		};
		60B1DACE90C0EE83843B17A6 /* Frameworks */ = {
			isa = PBXGroup;
			children = (
				60D4EF68A5BD840F1C4C40AB /* Pods_Mijn_Taken.framework */,
			);
			name = Frameworks;
			sourceTree = "<group>";
		};
		CA95EB54DCE3D1986AD076C4 /* Pods */ = {
			isa = PBXGroup;
			children = (
				60A1AE301EABAE56D8175438 /* Pods-Mijn Taken.debug.xcconfig */,
				3FB4C9C5F41578A543BF5C18 /* Pods-Mijn Taken.release.xcconfig */,
			);
			path = Pods;
			sourceTree = "<group>";
		};
/* End PBXGroup section */

/* Begin PBXNativeTarget section */
		00812FA22256DCE4007E928E /* Mijn Taken */ = {
			isa = PBXNativeTarget;
			buildConfigurationList = 00812FB52256DCE5007E928E /* Build configuration list for PBXNativeTarget "Mijn Taken" */;
			buildPhases = (
				AE1CF4E91034C1B85D5595AF /* [CP] Check Pods Manifest.lock */,
				00812F9F2256DCE4007E928E /* Sources */,
				00812FA02256DCE4007E928E /* Frameworks */,
				00812FA12256DCE4007E928E /* Resources */,
				66D9D1F0126FB2F8B6B9E629 /* [CP] Embed Pods Frameworks */,
			);
			buildRules = (
			);
			dependencies = (
			);
			name = "Mijn Taken";
			productName = "Mijn Taken";
			productReference = 00812FA32256DCE4007E928E /* Mijn Taken.app */;
			productType = "com.apple.product-type.application";
		};
/* End PBXNativeTarget section */

/* Begin PBXProject section */
		00812F9B2256DCE4007E928E /* Project object */ = {
			isa = PBXProject;
			attributes = {
				LastSwiftUpdateCheck = 1020;
				LastUpgradeCheck = 1020;
				ORGANIZATIONNAME = HumbeekWave;
				TargetAttributes = {
					00812FA22256DCE4007E928E = {
						CreatedOnToolsVersion = 10.2;
					};
				};
			};
			buildConfigurationList = 00812F9E2256DCE4007E928E /* Build configuration list for PBXProject "Mijn Taken" */;
			compatibilityVersion = "Xcode 10.0";
			developmentRegion = en;
			hasScannedForEncodings = 0;
			knownRegions = (
				en,
				Base,
			);
			mainGroup = 00812F9A2256DCE4007E928E;
			productRefGroup = 00812FA42256DCE4007E928E /* Products */;
			projectDirPath = "";
			projectRoot = "";
			targets = (
				00812FA22256DCE4007E928E /* Mijn Taken */,
			);
		};
/* End PBXProject section */

/* Begin PBXResourcesBuildPhase section */
		00812FA12256DCE4007E928E /* Resources */ = {
			isa = PBXResourcesBuildPhase;
			buildActionMask = 2147483647;
			files = (
				00812FB12256DCE5007E928E /* LaunchScreen.storyboard in Resources */,
				00812FAE2256DCE5007E928E /* Assets.xcassets in Resources */,
				00812FAC2256DCE4007E928E /* Main.storyboard in Resources */,
			);
			runOnlyForDeploymentPostprocessing = 0;
		};
/* End PBXResourcesBuildPhase section */

/* Begin PBXShellScriptBuildPhase section */
		66D9D1F0126FB2F8B6B9E629 /* [CP] Embed Pods Frameworks */ = {
			isa = PBXShellScriptBuildPhase;
			buildActionMask = 2147483647;
			files = (
			);
			inputFileListPaths = (
			);
			inputPaths = (
				"${PODS_ROOT}/Target Support Files/Pods-Mijn Taken/Pods-Mijn Taken-frameworks.sh",
				"${BUILT_PRODUCTS_DIR}/Realm/Realm.framework",
				"${BUILT_PRODUCTS_DIR}/RealmSwift/RealmSwift.framework",
				"${BUILT_PRODUCTS_DIR}/SwipeCellKit/SwipeCellKit.framework",
			);
			name = "[CP] Embed Pods Frameworks";
			outputFileListPaths = (
			);
			outputPaths = (
				"${TARGET_BUILD_DIR}/${FRAMEWORKS_FOLDER_PATH}/Realm.framework",
				"${TARGET_BUILD_DIR}/${FRAMEWORKS_FOLDER_PATH}/RealmSwift.framework",
				"${TARGET_BUILD_DIR}/${FRAMEWORKS_FOLDER_PATH}/SwipeCellKit.framework",
			);
			runOnlyForDeploymentPostprocessing = 0;
			shellPath = /bin/sh;
			shellScript = "\"${PODS_ROOT}/Target Support Files/Pods-Mijn Taken/Pods-Mijn Taken-frameworks.sh\"\n";
			showEnvVarsInLog = 0;
		};
		AE1CF4E91034C1B85D5595AF /* [CP] Check Pods Manifest.lock */ = {
			isa = PBXShellScriptBuildPhase;
			buildActionMask = 2147483647;
			files = (
			);
			inputFileListPaths = (
			);
			inputPaths = (
				"${PODS_PODFILE_DIR_PATH}/Podfile.lock",
				"${PODS_ROOT}/Manifest.lock",
			);
			name = "[CP] Check Pods Manifest.lock";
			outputFileListPaths = (
			);
			outputPaths = (
				"$(DERIVED_FILE_DIR)/Pods-Mijn Taken-checkManifestLockResult.txt",
			);
			runOnlyForDeploymentPostprocessing = 0;
			shellPath = /bin/sh;
			shellScript = "diff \"${PODS_PODFILE_DIR_PATH}/Podfile.lock\" \"${PODS_ROOT}/Manifest.lock\" > /dev/null\nif [ $? != 0 ] ; then\n    # print error to STDERR\n    echo \"error: The sandbox is not in sync with the Podfile.lock. Run 'pod install' or update your CocoaPods installation.\" >&2\n    exit 1\nfi\n# This output is used by Xcode 'outputs' to avoid re-running this script phase.\necho \"SUCCESS\" > \"${SCRIPT_OUTPUT_FILE_0}\"\n";
			showEnvVarsInLog = 0;
		};
/* End PBXShellScriptBuildPhase section */

/* Begin PBXSourcesBuildPhase section */
		00812F9F2256DCE4007E928E /* Sources */ = {
			isa = PBXSourcesBuildPhase;
			buildActionMask = 2147483647;
			files = (
				005DFB162268396A00563B6C /* SwipeTableViewController.swift in Sources */,
				00812FA92256DCE4007E928E /* MijnLijstViewController.swift in Sources */,
				00812FA72256DCE4007E928E /* AppDelegate.swift in Sources */,
				0018BF702266D43A00E986C4 /* RealmTaak.swift in Sources */,
				0018BF722266D5CF00E986C4 /* RealmCategorieLijst.swift in Sources */,
				00EC0B6E225DAAAF00634F05 /* CategoryTableViewController.swift in Sources */,
				0018BF6A2266CF9A00E986C4 /* RealmCategory.swift in Sources */,
				0018BF6E2266D3D900E986C4 /* RealmTakenLijst.swift in Sources */,
			);
			runOnlyForDeploymentPostprocessing = 0;
		};
/* End PBXSourcesBuildPhase section */

/* Begin PBXVariantGroup section */
		00812FAA2256DCE4007E928E /* Main.storyboard */ = {
			isa = PBXVariantGroup;
			children = (
				00812FAB2256DCE4007E928E /* Base */,
			);
			name = Main.storyboard;
			sourceTree = "<group>";
		};
		00812FAF2256DCE5007E928E /* LaunchScreen.storyboard */ = {
			isa = PBXVariantGroup;
			children = (
				00812FB02256DCE5007E928E /* Base */,
			);
			name = LaunchScreen.storyboard;
			sourceTree = "<group>";
		};
/* End PBXVariantGroup section */

/* Begin XCBuildConfiguration section */
		00812FB32256DCE5007E928E /* Debug */ = {
			isa = XCBuildConfiguration;
			buildSettings = {
				ALWAYS_SEARCH_USER_PATHS = NO;
				CLANG_ANALYZER_NONNULL = YES;
				CLANG_ANALYZER_NUMBER_OBJECT_CONVERSION = YES_AGGRESSIVE;
				CLANG_CXX_LANGUAGE_STANDARD = "gnu++14";
				CLANG_CXX_LIBRARY = "libc++";
				CLANG_ENABLE_MODULES = YES;
				CLANG_ENABLE_OBJC_ARC = YES;
				CLANG_ENABLE_OBJC_WEAK = YES;
				CLANG_WARN_BLOCK_CAPTURE_AUTORELEASING = YES;
				CLANG_WARN_BOOL_CONVERSION = YES;
				CLANG_WARN_COMMA = YES;
				CLANG_WARN_CONSTANT_CONVERSION = YES;
				CLANG_WARN_DEPRECATED_OBJC_IMPLEMENTATIONS = YES;
				CLANG_WARN_DIRECT_OBJC_ISA_USAGE = YES_ERROR;
				CLANG_WARN_DOCUMENTATION_COMMENTS = YES;
				CLANG_WARN_EMPTY_BODY = YES;
				CLANG_WARN_ENUM_CONVERSION = YES;
				CLANG_WARN_INFINITE_RECURSION = YES;
				CLANG_WARN_INT_CONVERSION = YES;
				CLANG_WARN_NON_LITERAL_NULL_CONVERSION = YES;
				CLANG_WARN_OBJC_IMPLICIT_RETAIN_SELF = YES;
				CLANG_WARN_OBJC_LITERAL_CONVERSION = YES;
				CLANG_WARN_OBJC_ROOT_CLASS = YES_ERROR;
				CLANG_WARN_RANGE_LOOP_ANALYSIS = YES;
				CLANG_WARN_STRICT_PROTOTYPES = YES;
				CLANG_WARN_SUSPICIOUS_MOVE = YES;
				CLANG_WARN_UNGUARDED_AVAILABILITY = YES_AGGRESSIVE;
				CLANG_WARN_UNREACHABLE_CODE = YES;
				CLANG_WARN__DUPLICATE_METHOD_MATCH = YES;
				CODE_SIGN_IDENTITY = "iPhone Developer";
				COPY_PHASE_STRIP = NO;
				DEBUG_INFORMATION_FORMAT = dwarf;
				ENABLE_STRICT_OBJC_MSGSEND = YES;
				ENABLE_TESTABILITY = YES;
				GCC_C_LANGUAGE_STANDARD = gnu11;
				GCC_DYNAMIC_NO_PIC = NO;
				GCC_NO_COMMON_BLOCKS = YES;
				GCC_OPTIMIZATION_LEVEL = 0;
				GCC_PREPROCESSOR_DEFINITIONS = (
					"DEBUG=1",
					"$(inherited)",
				);
				GCC_WARN_64_TO_32_BIT_CONVERSION = YES;
				GCC_WARN_ABOUT_RETURN_TYPE = YES_ERROR;
				GCC_WARN_UNDECLARED_SELECTOR = YES;
				GCC_WARN_UNINITIALIZED_AUTOS = YES_AGGRESSIVE;
				GCC_WARN_UNUSED_FUNCTION = YES;
				GCC_WARN_UNUSED_VARIABLE = YES;
				IPHONEOS_DEPLOYMENT_TARGET = 12.2;
				MTL_ENABLE_DEBUG_INFO = INCLUDE_SOURCE;
				MTL_FAST_MATH = YES;
				ONLY_ACTIVE_ARCH = YES;
				SDKROOT = iphoneos;
				SWIFT_ACTIVE_COMPILATION_CONDITIONS = DEBUG;
				SWIFT_OPTIMIZATION_LEVEL = "-Onone";
			};
			name = Debug;
		};
		00812FB42256DCE5007E928E /* Release */ = {
			isa = XCBuildConfiguration;
			buildSettings = {
				ALWAYS_SEARCH_USER_PATHS = NO;
				CLANG_ANALYZER_NONNULL = YES;
				CLANG_ANALYZER_NUMBER_OBJECT_CONVERSION = YES_AGGRESSIVE;
				CLANG_CXX_LANGUAGE_STANDARD = "gnu++14";
				CLANG_CXX_LIBRARY = "libc++";
				CLANG_ENABLE_MODULES = YES;
				CLANG_ENABLE_OBJC_ARC = YES;
				CLANG_ENABLE_OBJC_WEAK = YES;
				CLANG_WARN_BLOCK_CAPTURE_AUTORELEASING = YES;
				CLANG_WARN_BOOL_CONVERSION = YES;
				CLANG_WARN_COMMA = YES;
				CLANG_WARN_CONSTANT_CONVERSION = YES;
				CLANG_WARN_DEPRECATED_OBJC_IMPLEMENTATIONS = YES;
				CLANG_WARN_DIRECT_OBJC_ISA_USAGE = YES_ERROR;
				CLANG_WARN_DOCUMENTATION_COMMENTS = YES;
				CLANG_WARN_EMPTY_BODY = YES;
				CLANG_WARN_ENUM_CONVERSION = YES;
				CLANG_WARN_INFINITE_RECURSION = YES;
				CLANG_WARN_INT_CONVERSION = YES;
				CLANG_WARN_NON_LITERAL_NULL_CONVERSION = YES;
				CLANG_WARN_OBJC_IMPLICIT_RETAIN_SELF = YES;
				CLANG_WARN_OBJC_LITERAL_CONVERSION = YES;
				CLANG_WARN_OBJC_ROOT_CLASS = YES_ERROR;
				CLANG_WARN_RANGE_LOOP_ANALYSIS = YES;
				CLANG_WARN_STRICT_PROTOTYPES = YES;
				CLANG_WARN_SUSPICIOUS_MOVE = YES;
				CLANG_WARN_UNGUARDED_AVAILABILITY = YES_AGGRESSIVE;
				CLANG_WARN_UNREACHABLE_CODE = YES;
				CLANG_WARN__DUPLICATE_METHOD_MATCH = YES;
				CODE_SIGN_IDENTITY = "iPhone Developer";
				COPY_PHASE_STRIP = NO;
				DEBUG_INFORMATION_FORMAT = "dwarf-with-dsym";
				ENABLE_NS_ASSERTIONS = NO;
				ENABLE_STRICT_OBJC_MSGSEND = YES;
				GCC_C_LANGUAGE_STANDARD = gnu11;
				GCC_NO_COMMON_BLOCKS = YES;
				GCC_WARN_64_TO_32_BIT_CONVERSION = YES;
				GCC_WARN_ABOUT_RETURN_TYPE = YES_ERROR;
				GCC_WARN_UNDECLARED_SELECTOR = YES;
				GCC_WARN_UNINITIALIZED_AUTOS = YES_AGGRESSIVE;
				GCC_WARN_UNUSED_FUNCTION = YES;
				GCC_WARN_UNUSED_VARIABLE = YES;
				IPHONEOS_DEPLOYMENT_TARGET = 12.2;
				MTL_ENABLE_DEBUG_INFO = NO;
				MTL_FAST_MATH = YES;
				SDKROOT = iphoneos;
				SWIFT_COMPILATION_MODE = wholemodule;
				SWIFT_OPTIMIZATION_LEVEL = "-O";
				VALIDATE_PRODUCT = YES;
			};
			name = Release;
		};
		00812FB62256DCE5007E928E /* Debug */ = {
			isa = XCBuildConfiguration;
			baseConfigurationReference = 60A1AE301EABAE56D8175438 /* Pods-Mijn Taken.debug.xcconfig */;
			buildSettings = {
				ASSETCATALOG_COMPILER_APPICON_NAME = AppIcon;
				CODE_SIGN_STYLE = Automatic;
				DEVELOPMENT_TEAM = 9YJK446MTZ;
				INFOPLIST_FILE = "Mijn Taken/Info.plist";
				IPHONEOS_DEPLOYMENT_TARGET = 12.2;
				LD_RUNPATH_SEARCH_PATHS = (
					"$(inherited)",
					"@executable_path/Frameworks",
				);
				PRODUCT_BUNDLE_IDENTIFIER = "com.humbeekwave.Mijn-Taken";
				PRODUCT_NAME = "$(TARGET_NAME)";
				SWIFT_VERSION = 5.0;
				TARGETED_DEVICE_FAMILY = 1;
			};
			name = Debug;
		};
		00812FB72256DCE5007E928E /* Release */ = {
			isa = XCBuildConfiguration;
			baseConfigurationReference = 3FB4C9C5F41578A543BF5C18 /* Pods-Mijn Taken.release.xcconfig */;
			buildSettings = {
				ASSETCATALOG_COMPILER_APPICON_NAME = AppIcon;
				CODE_SIGN_STYLE = Automatic;
				DEVELOPMENT_TEAM = 9YJK446MTZ;
				INFOPLIST_FILE = "Mijn Taken/Info.plist";
				IPHONEOS_DEPLOYMENT_TARGET = 12.2;
				LD_RUNPATH_SEARCH_PATHS = (
					"$(inherited)",
					"@executable_path/Frameworks",
				);
				PRODUCT_BUNDLE_IDENTIFIER = "com.humbeekwave.Mijn-Taken";
				PRODUCT_NAME = "$(TARGET_NAME)";
				SWIFT_VERSION = 5.0;
				TARGETED_DEVICE_FAMILY = 1;
			};
			name = Release;
		};
/* End XCBuildConfiguration section */

/* Begin XCConfigurationList section */
		00812F9E2256DCE4007E928E /* Build configuration list for PBXProject "Mijn Taken" */ = {
			isa = XCConfigurationList;
			buildConfigurations = (
				00812FB32256DCE5007E928E /* Debug */,
				00812FB42256DCE5007E928E /* Release */,
			);
			defaultConfigurationIsVisible = 0;
			defaultConfigurationName = Release;
		};
		00812FB52256DCE5007E928E /* Build configuration list for PBXNativeTarget "Mijn Taken" */ = {
			isa = XCConfigurationList;
			buildConfigurations = (
				00812FB62256DCE5007E928E /* Debug */,
				00812FB72256DCE5007E928E /* Release */,
			);
			defaultConfigurationIsVisible = 0;
			defaultConfigurationName = Release;
		};
/* End XCConfigurationList section */
	};
	rootObject = 00812F9B2256DCE4007E928E /* Project object */;
}
